Microsoft Visual Studio Solution File, Format Version 12.00
# Visual Studio 15
VisualStudioVersion = 15.0.28307.168
MinimumVisualStudioVersion = 10.0.40219.1
Project("{FAE04EC0-301F-11D3-BF4B-00C04F79EFBC}") = "WindowsApplication1", "WindowsApplication1\WindowsApplication1.csproj", "{60D2FBE5-ED3E-46E2-A090-C18F1506A0B7}"
EndProject
Global
	GlobalSection(SolutionConfigurationPlatforms) = preSolution
		Debug|Any CPU = Debug|Any CPU
		Release|Any CPU = Release|Any CPU
	EndGlobalSection
	GlobalSection(ProjectConfigurationPlatforms) = postSolution
		{60D2FBE5-ED3E-46E2-A090-C18F1506A0B7}.Debug|Any CPU.ActiveCfg = Debug|Any CPU
		{60D2FBE5-ED3E-46E2-A090-C18F1506A0B7}.Debug|Any CPU.Build.0 = Debug|Any CPU
		{60D2FBE5-ED3E-46E2-A090-C18F1506A0B7}.Release|Any CPU.ActiveCfg = Release|Any CPU
		{60D2FBE5-ED3E-46E2-A090-C18F1506A0B7}.Release|Any CPU.Build.0 = Release|Any CPU
	EndGlobalSection
	GlobalSection(SolutionProperties) = preSolution
		HideSolutionNode = FALSE
	EndGlobalSection
	GlobalSection(ExtensibilityGlobals) = postSolution
		SolutionGuid = {02CFF45E-E182-4FE4-9429-4B9EC2A4212C}
	EndGlobalSection
EndGlobal
